
Microsoft Visual Studio Solution File, Format Version 12.00
# Visual Studio 15
VisualStudioVersion = 15.0.28307.421
MinimumVisualStudioVersion = 10.0.40219.1
Project("{9A19103F-16F7-4668-BE54-9A1E7A4F7556}") = "BookingSystem.WritePersistence", "DataAccessLayer\BookingSystem.WritePersistence.csproj", "{F4054612-C4DA-404F-A2C2-893E1472D282}"
EndProject
Project("{9A19103F-16F7-4668-BE54-9A1E7A4F7556}") = "BookingSystem.Common", "BusinessLayer\BookingSystem.Common.csproj", "{1DFE2BB7-6C1A-48BC-88EE-021BED16B113}"
EndProject
Project("{9A19103F-16F7-4668-BE54-9A1E7A4F7556}") = "BookingSystem.Commands", "Commands\BookingSystem.Commands.csproj", "{BE1A5908-0161-447E-A67D-7F80610841C9}"
EndProject
Project("{9A19103F-16F7-4668-BE54-9A1E7A4F7556}") = "BookingSystem.Queries", "Queries\BookingSystem.Queries.csproj", "{9C15D824-9E23-487C-A079-D5764FA8AE2A}"
EndProject
Project("{9A19103F-16F7-4668-BE54-9A1E7A4F7556}") = "Test", "Test\Test.csproj", "{DA671CB0-A437-409E-AC72-366F01FD0232}"
EndProject
Project("{9A19103F-16F7-4668-BE54-9A1E7A4F7556}") = "BookingSystem.WebApi", "WebApi\BookingSystem.WebApi.csproj", "{7CA6F2D1-9ACC-4BB8-94C1-C44519CCB101}"
EndProject
Project("{9A19103F-16F7-4668-BE54-9A1E7A4F7556}") = "BookingSystem.ApplicationCore", "ApplicationCore\BookingSystem.ApplicationCore.csproj", "{5F442D4E-F03B-4640-9332-EA8F67515E48}"
EndProject
Project("{9A19103F-16F7-4668-BE54-9A1E7A4F7556}") = "BookingSystem.ReadPersistence", "ReadModel\BookingSystem.ReadPersistence.csproj", "{808C3CC1-C688-4F63-8764-8AD531566080}"
EndProject
Project("{2150E333-8FDC-42A3-9474-1A3956D46DE8}") = "Src", "Src", "{8A5425D7-D0EB-4600-B9B1-482C47D477DE}"
EndProject
Global
	GlobalSection(SolutionConfigurationPlatforms) = preSolution
		Debug|Any CPU = Debug|Any CPU
		Release|Any CPU = Release|Any CPU
	EndGlobalSection
	GlobalSection(ProjectConfigurationPlatforms) = postSolution
		{F4054612-C4DA-404F-A2C2-893E1472D282}.Debug|Any CPU.ActiveCfg = Debug|Any CPU
		{F4054612-C4DA-404F-A2C2-893E1472D282}.Debug|Any CPU.Build.0 = Debug|Any CPU
		{F4054612-C4DA-404F-A2C2-893E1472D282}.Release|Any CPU.ActiveCfg = Release|Any CPU
		{F4054612-C4DA-404F-A2C2-893E1472D282}.Release|Any CPU.Build.0 = Release|Any CPU
		{1DFE2BB7-6C1A-48BC-88EE-021BED16B113}.Debug|Any CPU.ActiveCfg = Debug|Any CPU
		{1DFE2BB7-6C1A-48BC-88EE-021BED16B113}.Debug|Any CPU.Build.0 = Debug|Any CPU
		{1DFE2BB7-6C1A-48BC-88EE-021BED16B113}.Release|Any CPU.ActiveCfg = Release|Any CPU
		{1DFE2BB7-6C1A-48BC-88EE-021BED16B113}.Release|Any CPU.Build.0 = Release|Any CPU
		{BE1A5908-0161-447E-A67D-7F80610841C9}.Debug|Any CPU.ActiveCfg = Debug|Any CPU
		{BE1A5908-0161-447E-A67D-7F80610841C9}.Debug|Any CPU.Build.0 = Debug|Any CPU
		{BE1A5908-0161-447E-A67D-7F80610841C9}.Release|Any CPU.ActiveCfg = Release|Any CPU
		{BE1A5908-0161-447E-A67D-7F80610841C9}.Release|Any CPU.Build.0 = Release|Any CPU
		{9C15D824-9E23-487C-A079-D5764FA8AE2A}.Debug|Any CPU.ActiveCfg = Debug|Any CPU
		{9C15D824-9E23-487C-A079-D5764FA8AE2A}.Debug|Any CPU.Build.0 = Debug|Any CPU
		{9C15D824-9E23-487C-A079-D5764FA8AE2A}.Release|Any CPU.ActiveCfg = Release|Any CPU
		{9C15D824-9E23-487C-A079-D5764FA8AE2A}.Release|Any CPU.Build.0 = Release|Any CPU
		{DA671CB0-A437-409E-AC72-366F01FD0232}.Debug|Any CPU.ActiveCfg = Debug|Any CPU
		{DA671CB0-A437-409E-AC72-366F01FD0232}.Debug|Any CPU.Build.0 = Debug|Any CPU
		{DA671CB0-A437-409E-AC72-366F01FD0232}.Release|Any CPU.ActiveCfg = Release|Any CPU
		{DA671CB0-A437-409E-AC72-366F01FD0232}.Release|Any CPU.Build.0 = Release|Any CPU
		{7CA6F2D1-9ACC-4BB8-94C1-C44519CCB101}.Debug|Any CPU.ActiveCfg = Debug|Any CPU
		{7CA6F2D1-9ACC-4BB8-94C1-C44519CCB101}.Debug|Any CPU.Build.0 = Debug|Any CPU
		{7CA6F2D1-9ACC-4BB8-94C1-C44519CCB101}.Release|Any CPU.ActiveCfg = Release|Any CPU
		{7CA6F2D1-9ACC-4BB8-94C1-C44519CCB101}.Release|Any CPU.Build.0 = Release|Any CPU
		{5F442D4E-F03B-4640-9332-EA8F67515E48}.Debug|Any CPU.ActiveCfg = Debug|Any CPU
		{5F442D4E-F03B-4640-9332-EA8F67515E48}.Debug|Any CPU.Build.0 = Debug|Any CPU
		{5F442D4E-F03B-4640-9332-EA8F67515E48}.Release|Any CPU.ActiveCfg = Release|Any CPU
		{5F442D4E-F03B-4640-9332-EA8F67515E48}.Release|Any CPU.Build.0 = Release|Any CPU
		{808C3CC1-C688-4F63-8764-8AD531566080}.Debug|Any CPU.ActiveCfg = Debug|Any CPU
		{808C3CC1-C688-4F63-8764-8AD531566080}.Debug|Any CPU.Build.0 = Debug|Any CPU
		{808C3CC1-C688-4F63-8764-8AD531566080}.Release|Any CPU.ActiveCfg = Release|Any CPU
		{808C3CC1-C688-4F63-8764-8AD531566080}.Release|Any CPU.Build.0 = Release|Any CPU
	EndGlobalSection
	GlobalSection(SolutionProperties) = preSolution
		HideSolutionNode = FALSE
	EndGlobalSection
	GlobalSection(NestedProjects) = preSolution
		{F4054612-C4DA-404F-A2C2-893E1472D282} = {8A5425D7-D0EB-4600-B9B1-482C47D477DE}
		{1DFE2BB7-6C1A-48BC-88EE-021BED16B113} = {8A5425D7-D0EB-4600-B9B1-482C47D477DE}
		{BE1A5908-0161-447E-A67D-7F80610841C9} = {8A5425D7-D0EB-4600-B9B1-482C47D477DE}
		{9C15D824-9E23-487C-A079-D5764FA8AE2A} = {8A5425D7-D0EB-4600-B9B1-482C47D477DE}
		{DA671CB0-A437-409E-AC72-366F01FD0232} = {8A5425D7-D0EB-4600-B9B1-482C47D477DE}
		{7CA6F2D1-9ACC-4BB8-94C1-C44519CCB101} = {8A5425D7-D0EB-4600-B9B1-482C47D477DE}
		{5F442D4E-F03B-4640-9332-EA8F67515E48} = {8A5425D7-D0EB-4600-B9B1-482C47D477DE}
		{808C3CC1-C688-4F63-8764-8AD531566080} = {8A5425D7-D0EB-4600-B9B1-482C47D477DE}
	EndGlobalSection
	GlobalSection(ExtensibilityGlobals) = postSolution
		SolutionGuid = {3DD1C7C9-A7BF-4CCE-B5FD-D9FB98F0F3AE}
	EndGlobalSection
EndGlobal
