
Microsoft Visual Studio Solution File, Format Version 12.00
# Visual Studio 15
VisualStudioVersion = 15.0.28307.421
MinimumVisualStudioVersion = 10.0.40219.1
Project("{00D1A9C2-B5F0-4AF3-8072-F6C62B433612}") = "BookingDatabase", "BookingDatabase\BookingDatabase.sqlproj", "{50A6E82F-419C-4A21-A3BE-F748AE313609}"
EndProject
Global
	GlobalSection(SolutionConfigurationPlatforms) = preSolution
		Debug|Any CPU = Debug|Any CPU
		Release|Any CPU = Release|Any CPU
	EndGlobalSection
	GlobalSection(ProjectConfigurationPlatforms) = postSolution
		{50A6E82F-419C-4A21-A3BE-F748AE313609}.Debug|Any CPU.ActiveCfg = Debug|Any CPU
		{50A6E82F-419C-4A21-A3BE-F748AE313609}.Debug|Any CPU.Build.0 = Debug|Any CPU
		{50A6E82F-419C-4A21-A3BE-F748AE313609}.Debug|Any CPU.Deploy.0 = Debug|Any CPU
		{50A6E82F-419C-4A21-A3BE-F748AE313609}.Release|Any CPU.ActiveCfg = Release|Any CPU
		{50A6E82F-419C-4A21-A3BE-F748AE313609}.Release|Any CPU.Build.0 = Release|Any CPU
		{50A6E82F-419C-4A21-A3BE-F748AE313609}.Release|Any CPU.Deploy.0 = Release|Any CPU
	EndGlobalSection
	GlobalSection(SolutionProperties) = preSolution
		HideSolutionNode = FALSE
	EndGlobalSection
	GlobalSection(ExtensibilityGlobals) = postSolution
		SolutionGuid = {1E7F92AC-102A-4DE4-A280-CF96A80A4D9D}
	EndGlobalSection
EndGlobal
